
Microsoft Visual Studio Solution File, Format Version 12.00
# Visual Studio Version 17
VisualStudioVersion = 17.14.36623.8
MinimumVisualStudioVersion = 10.0.40219.1
Project("{2150E333-8FDC-42A3-9474-1A3956D46DE8}") = "Task0", "Task0", "{02EA681E-C7D8-13C7-8484-4AC65E1B71E8}"
EndProject
Project("{FAE04EC0-301F-11D3-BF4B-00C04F79EFBC}") = "Tyuiu.VashumirskayaEV.Sprint1.Task0.V7", "Tyuiu.VashumirskayaEV.Sprint1.Task0.V7\Tyuiu.VashumirskayaEV.Sprint1.Task0.V7.csproj", "{20DC3590-9F15-4291-BCF2-D1C04684CF28}"
EndProject
Project("{FAE04EC0-301F-11D3-BF4B-00C04F79EFBC}") = "Tyuiu.VashumirskayaEV.Sprint1.Task0.V7.Lib", "Tyuiu.VashumirskayaEV.Sprint1.Task0.V7.Lib\Tyuiu.VashumirskayaEV.Sprint1.Task0.V7.Lib.csproj", "{88D56E3C-A876-457E-9AF4-5454E41E0F29}"
EndProject
Project("{FAE04EC0-301F-11D3-BF4B-00C04F79EFBC}") = "Tyuiu.VashumirskayaEV.Sprint1.Task0.V7.Test", "Tyuiu.VashumirskayaEV.Sprint1.Task0.V7.Test\Tyuiu.VashumirskayaEV.Sprint1.Task0.V7.Test.csproj", "{B44DAFFB-721D-46F9-9C65-C5E2DB8A501A}"
EndProject
Project("{2150E333-8FDC-42A3-9474-1A3956D46DE8}") = "Task1", "Task1", "{7547AFCF-9806-4CDB-A475-0ECBF2FD79E2}"
EndProject
Project("{FAE04EC0-301F-11D3-BF4B-00C04F79EFBC}") = "Tyuiu.VashumirskayaEV.Sprint1.Task1.V24", "Tyuiu.VashumirskayaEV.Sprint1.Task1.V24\Tyuiu.VashumirskayaEV.Sprint1.Task1.V24.csproj", "{16F0D1ED-3407-44D7-9BE8-1807A1D443AF}"
EndProject
Project("{FAE04EC0-301F-11D3-BF4B-00C04F79EFBC}") = "Tyuiu.VashumirskayaEV.Sprint1.Task1.V24.Lib", "Tyuiu.VashumirskayaEV.Sprint1.Task1.V24.Lib\Tyuiu.VashumirskayaEV.Sprint1.Task1.V24.Lib.csproj", "{7BAF7970-45FE-47AA-B5AE-250011803F15}"
EndProject
Project("{FAE04EC0-301F-11D3-BF4B-00C04F79EFBC}") = "Tyuiu.VashumirskayaEV.Sprint1.Task1.V24.Test", "Tyuiu.VashumirskayaEV.Sprint1.Task1.V24.Test\Tyuiu.VashumirskayaEV.Sprint1.Task1.V24.Test.csproj", "{E4FA1144-00C8-473A-B5BB-F90B9D66F92E}"
EndProject
Project("{2150E333-8FDC-42A3-9474-1A3956D46DE8}") = "Task2", "Task2", "{C1DBDAD0-1F04-4D08-A893-42445A96904B}"
EndProject
Project("{FAE04EC0-301F-11D3-BF4B-00C04F79EFBC}") = "Tyuiu.VashumirskayaEV.Sprint1.Task2.V27", "Tyuiu.VashumirskayaEV.Sprint1.Task2.V27\Tyuiu.VashumirskayaEV.Sprint1.Task2.V27.csproj", "{B71F4A9D-26EA-4620-BBE6-2D502BCF40A3}"
EndProject
Project("{FAE04EC0-301F-11D3-BF4B-00C04F79EFBC}") = "Tyuiu.VashumirskayaEV.Sprint1.Task2.V27.Lib", "Tyuiu.VashumirskayaEV.Sprint1.Task2.V27.Lib\Tyuiu.VashumirskayaEV.Sprint1.Task2.V27.Lib.csproj", "{212D89BC-DC7B-4378-A13E-1C100C917842}"
EndProject
Project("{FAE04EC0-301F-11D3-BF4B-00C04F79EFBC}") = "Tyuiu.VashumirskayaEV.Sprint1.Task2.V27.Test", "Tyuiu.VashumirskayaEV.Sprint1.Task2.V27.Test\Tyuiu.VashumirskayaEV.Sprint1.Task2.V27.Test.csproj", "{87133545-6779-4303-8576-E5C3F97CBD01}"
EndProject
Project("{2150E333-8FDC-42A3-9474-1A3956D46DE8}") = "Task3", "Task3", "{2453362F-D4AE-46CD-B357-300633074387}"
EndProject
Project("{FAE04EC0-301F-11D3-BF4B-00C04F79EFBC}") = "Tyuiu.VashumirskayaEV.Sprint1.Task3.V10", "Tyuiu.VashumirskayaEV.Sprint1.Task3.V10\Tyuiu.VashumirskayaEV.Sprint1.Task3.V10.csproj", "{2AD3B11A-8C3C-410B-A851-F9A135A2FDBD}"
EndProject
Project("{FAE04EC0-301F-11D3-BF4B-00C04F79EFBC}") = "Tyuiu.VashumirskayaEV.Sprint1.Task3.V10.Lib", "Tyuiu.VashumirskayaEV.Sprint1.Task3.V10.Lib\Tyuiu.VashumirskayaEV.Sprint1.Task3.V10.Lib.csproj", "{466F567A-FFD4-4257-9A77-5B348A76636D}"
EndProject
Project("{FAE04EC0-301F-11D3-BF4B-00C04F79EFBC}") = "Tyuiu.VashumirskayaEV.Sprint1.Task3.V10.Test", "Tyuiu.VashumirskayaEV.Sprint1.Task3.V10.Test\Tyuiu.VashumirskayaEV.Sprint1.Task3.V10.Test.csproj", "{8436F9F2-93C4-4105-8922-7E3FE45B7D0B}"
EndProject
Project("{2150E333-8FDC-42A3-9474-1A3956D46DE8}") = "Task4", "Task4", "{DBCD09CF-261D-4353-834F-165A82E826C8}"
EndProject
Project("{FAE04EC0-301F-11D3-BF4B-00C04F79EFBC}") = "Tyuiu.VashumirskayaEV.Sprint1.Task4.V21", "Tyuiu.VashumirskayaEV.Sprint1.Task4.V21\Tyuiu.VashumirskayaEV.Sprint1.Task4.V21.csproj", "{617F181D-5C3B-48D0-90BC-0FB5D04C165A}"
EndProject
Project("{FAE04EC0-301F-11D3-BF4B-00C04F79EFBC}") = "Tyuiu.VashumirskayaEV.Sprint1.Task4.V21.Lib", "Tyuiu.VashumirskayaEV.Sprint1.Task4.V21.Lib\Tyuiu.VashumirskayaEV.Sprint1.Task4.V21.Lib.csproj", "{D6B643F8-AE71-4EA7-A67F-15A8B29DB52F}"
EndProject
Project("{FAE04EC0-301F-11D3-BF4B-00C04F79EFBC}") = "Tyuiu.VashumirskayaEV.Sprint1.Task4.V21.Test", "Tyuiu.VashumirskayaEV.Sprint1.Task4.V21.Test\Tyuiu.VashumirskayaEV.Sprint1.Task4.V21.Test.csproj", "{F5DD3E9A-2EC2-4C06-AACE-20B2121128C5}"
EndProject
Project("{2150E333-8FDC-42A3-9474-1A3956D46DE8}") = "Task5", "Task5", "{A3CDEAA6-4DFD-4B92-8260-FC16BB3B5B42}"
EndProject
Project("{FAE04EC0-301F-11D3-BF4B-00C04F79EFBC}") = "Tyuiu.VashumirskayaEV.Sprint1.Task5.V3", "Tyuiu.VashumirskayaEV.Sprint1.Task5.V3\Tyuiu.VashumirskayaEV.Sprint1.Task5.V3.csproj", "{8D2B1437-D8DC-4D5B-8448-FF870B418DCF}"
EndProject
Project("{FAE04EC0-301F-11D3-BF4B-00C04F79EFBC}") = "Tyuiu.VashumirskayaEV.Sprint1.Task5.V3.Lib", "Tyuiu.VashumirskayaEV.Sprint1.Task5.V3.Lib\Tyuiu.VashumirskayaEV.Sprint1.Task5.V3.Lib.csproj", "{13C48C74-B634-4FA7-AE8E-D021803E3D6C}"
EndProject
Project("{FAE04EC0-301F-11D3-BF4B-00C04F79EFBC}") = "Tyuiu.VashumirskayaEV.Sprint1.Task5.V3.Test", "Tyuiu.VashumirskayaEV.Sprint1.Task5.V3.Test\Tyuiu.VashumirskayaEV.Sprint1.Task5.V3.Test.csproj", "{C31C1713-E62F-41A1-9FB5-A8BAB6B3626B}"
EndProject
Global
	GlobalSection(SolutionConfigurationPlatforms) = preSolution
		Debug|Any CPU = Debug|Any CPU
		Release|Any CPU = Release|Any CPU
	EndGlobalSection
	GlobalSection(ProjectConfigurationPlatforms) = postSolution
		{20DC3590-9F15-4291-BCF2-D1C04684CF28}.Debug|Any CPU.ActiveCfg = Debug|Any CPU
		{20DC3590-9F15-4291-BCF2-D1C04684CF28}.Debug|Any CPU.Build.0 = Debug|Any CPU
		{20DC3590-9F15-4291-BCF2-D1C04684CF28}.Release|Any CPU.ActiveCfg = Release|Any CPU
		{20DC3590-9F15-4291-BCF2-D1C04684CF28}.Release|Any CPU.Build.0 = Release|Any CPU
		{88D56E3C-A876-457E-9AF4-5454E41E0F29}.Debug|Any CPU.ActiveCfg = Debug|Any CPU
		{88D56E3C-A876-457E-9AF4-5454E41E0F29}.Debug|Any CPU.Build.0 = Debug|Any CPU
		{88D56E3C-A876-457E-9AF4-5454E41E0F29}.Release|Any CPU.ActiveCfg = Release|Any CPU
		{88D56E3C-A876-457E-9AF4-5454E41E0F29}.Release|Any CPU.Build.0 = Release|Any CPU
		{B44DAFFB-721D-46F9-9C65-C5E2DB8A501A}.Debug|Any CPU.ActiveCfg = Debug|Any CPU
		{B44DAFFB-721D-46F9-9C65-C5E2DB8A501A}.Debug|Any CPU.Build.0 = Debug|Any CPU
		{B44DAFFB-721D-46F9-9C65-C5E2DB8A501A}.Release|Any CPU.ActiveCfg = Release|Any CPU
		{B44DAFFB-721D-46F9-9C65-C5E2DB8A501A}.Release|Any CPU.Build.0 = Release|Any CPU
		{16F0D1ED-3407-44D7-9BE8-1807A1D443AF}.Debug|Any CPU.ActiveCfg = Debug|Any CPU
		{16F0D1ED-3407-44D7-9BE8-1807A1D443AF}.Debug|Any CPU.Build.0 = Debug|Any CPU
		{16F0D1ED-3407-44D7-9BE8-1807A1D443AF}.Release|Any CPU.ActiveCfg = Release|Any CPU
		{16F0D1ED-3407-44D7-9BE8-1807A1D443AF}.Release|Any CPU.Build.0 = Release|Any CPU
		{7BAF7970-45FE-47AA-B5AE-250011803F15}.Debug|Any CPU.ActiveCfg = Debug|Any CPU
		{7BAF7970-45FE-47AA-B5AE-250011803F15}.Debug|Any CPU.Build.0 = Debug|Any CPU
		{7BAF7970-45FE-47AA-B5AE-250011803F15}.Release|Any CPU.ActiveCfg = Release|Any CPU
		{7BAF7970-45FE-47AA-B5AE-250011803F15}.Release|Any CPU.Build.0 = Release|Any CPU
		{E4FA1144-00C8-473A-B5BB-F90B9D66F92E}.Debug|Any CPU.ActiveCfg = Debug|Any CPU
		{E4FA1144-00C8-473A-B5BB-F90B9D66F92E}.Debug|Any CPU.Build.0 = Debug|Any CPU
		{E4FA1144-00C8-473A-B5BB-F90B9D66F92E}.Release|Any CPU.ActiveCfg = Release|Any CPU
		{E4FA1144-00C8-473A-B5BB-F90B9D66F92E}.Release|Any CPU.Build.0 = Release|Any CPU
		{B71F4A9D-26EA-4620-BBE6-2D502BCF40A3}.Debug|Any CPU.ActiveCfg = Debug|Any CPU
		{B71F4A9D-26EA-4620-BBE6-2D502BCF40A3}.Debug|Any CPU.Build.0 = Debug|Any CPU
		{B71F4A9D-26EA-4620-BBE6-2D502BCF40A3}.Release|Any CPU.ActiveCfg = Release|Any CPU
		{B71F4A9D-26EA-4620-BBE6-2D502BCF40A3}.Release|Any CPU.Build.0 = Release|Any CPU
		{212D89BC-DC7B-4378-A13E-1C100C917842}.Debug|Any CPU.ActiveCfg = Debug|Any CPU
		{212D89BC-DC7B-4378-A13E-1C100C917842}.Debug|Any CPU.Build.0 = Debug|Any CPU
		{212D89BC-DC7B-4378-A13E-1C100C917842}.Release|Any CPU.ActiveCfg = Release|Any CPU
		{212D89BC-DC7B-4378-A13E-1C100C917842}.Release|Any CPU.Build.0 = Release|Any CPU
		{87133545-6779-4303-8576-E5C3F97CBD01}.Debug|Any CPU.ActiveCfg = Debug|Any CPU
		{87133545-6779-4303-8576-E5C3F97CBD01}.Debug|Any CPU.Build.0 = Debug|Any CPU
		{87133545-6779-4303-8576-E5C3F97CBD01}.Release|Any CPU.ActiveCfg = Release|Any CPU
		{87133545-6779-4303-8576-E5C3F97CBD01}.Release|Any CPU.Build.0 = Release|Any CPU
		{2AD3B11A-8C3C-410B-A851-F9A135A2FDBD}.Debug|Any CPU.ActiveCfg = Debug|Any CPU
		{2AD3B11A-8C3C-410B-A851-F9A135A2FDBD}.Debug|Any CPU.Build.0 = Debug|Any CPU
		{2AD3B11A-8C3C-410B-A851-F9A135A2FDBD}.Release|Any CPU.ActiveCfg = Release|Any CPU
		{2AD3B11A-8C3C-410B-A851-F9A135A2FDBD}.Release|Any CPU.Build.0 = Release|Any CPU
		{466F567A-FFD4-4257-9A77-5B348A76636D}.Debug|Any CPU.ActiveCfg = Debug|Any CPU
		{466F567A-FFD4-4257-9A77-5B348A76636D}.Debug|Any CPU.Build.0 = Debug|Any CPU
		{466F567A-FFD4-4257-9A77-5B348A76636D}.Release|Any CPU.ActiveCfg = Release|Any CPU
		{466F567A-FFD4-4257-9A77-5B348A76636D}.Release|Any CPU.Build.0 = Release|Any CPU
		{8436F9F2-93C4-4105-8922-7E3FE45B7D0B}.Debug|Any CPU.ActiveCfg = Debug|Any CPU
		{8436F9F2-93C4-4105-8922-7E3FE45B7D0B}.Debug|Any CPU.Build.0 = Debug|Any CPU
		{8436F9F2-93C4-4105-8922-7E3FE45B7D0B}.Release|Any CPU.ActiveCfg = Release|Any CPU
		{8436F9F2-93C4-4105-8922-7E3FE45B7D0B}.Release|Any CPU.Build.0 = Release|Any CPU
		{617F181D-5C3B-48D0-90BC-0FB5D04C165A}.Debug|Any CPU.ActiveCfg = Debug|Any CPU
		{617F181D-5C3B-48D0-90BC-0FB5D04C165A}.Debug|Any CPU.Build.0 = Debug|Any CPU
		{617F181D-5C3B-48D0-90BC-0FB5D04C165A}.Release|Any CPU.ActiveCfg = Release|Any CPU
		{617F181D-5C3B-48D0-90BC-0FB5D04C165A}.Release|Any CPU.Build.0 = Release|Any CPU
		{D6B643F8-AE71-4EA7-A67F-15A8B29DB52F}.Debug|Any CPU.ActiveCfg = Debug|Any CPU
		{D6B643F8-AE71-4EA7-A67F-15A8B29DB52F}.Debug|Any CPU.Build.0 = Debug|Any CPU
		{D6B643F8-AE71-4EA7-A67F-15A8B29DB52F}.Release|Any CPU.ActiveCfg = Release|Any CPU
		{D6B643F8-AE71-4EA7-A67F-15A8B29DB52F}.Release|Any CPU.Build.0 = Release|Any CPU
		{F5DD3E9A-2EC2-4C06-AACE-20B2121128C5}.Debug|Any CPU.ActiveCfg = Debug|Any CPU
		{F5DD3E9A-2EC2-4C06-AACE-20B2121128C5}.Debug|Any CPU.Build.0 = Debug|Any CPU
		{F5DD3E9A-2EC2-4C06-AACE-20B2121128C5}.Release|Any CPU.ActiveCfg = Release|Any CPU
		{F5DD3E9A-2EC2-4C06-AACE-20B2121128C5}.Release|Any CPU.Build.0 = Release|Any CPU
		{8D2B1437-D8DC-4D5B-8448-FF870B418DCF}.Debug|Any CPU.ActiveCfg = Debug|Any CPU
		{8D2B1437-D8DC-4D5B-8448-FF870B418DCF}.Debug|Any CPU.Build.0 = Debug|Any CPU
		{8D2B1437-D8DC-4D5B-8448-FF870B418DCF}.Release|Any CPU.ActiveCfg = Release|Any CPU
		{8D2B1437-D8DC-4D5B-8448-FF870B418DCF}.Release|Any CPU.Build.0 = Release|Any CPU
		{13C48C74-B634-4FA7-AE8E-D021803E3D6C}.Debug|Any CPU.ActiveCfg = Debug|Any CPU
		{13C48C74-B634-4FA7-AE8E-D021803E3D6C}.Debug|Any CPU.Build.0 = Debug|Any CPU
		{13C48C74-B634-4FA7-AE8E-D021803E3D6C}.Release|Any CPU.ActiveCfg = Release|Any CPU
		{13C48C74-B634-4FA7-AE8E-D021803E3D6C}.Release|Any CPU.Build.0 = Release|Any CPU
		{C31C1713-E62F-41A1-9FB5-A8BAB6B3626B}.Debug|Any CPU.ActiveCfg = Debug|Any CPU
		{C31C1713-E62F-41A1-9FB5-A8BAB6B3626B}.Debug|Any CPU.Build.0 = Debug|Any CPU
		{C31C1713-E62F-41A1-9FB5-A8BAB6B3626B}.Release|Any CPU.ActiveCfg = Release|Any CPU
		{C31C1713-E62F-41A1-9FB5-A8BAB6B3626B}.Release|Any CPU.Build.0 = Release|Any CPU
	EndGlobalSection
	GlobalSection(SolutionProperties) = preSolution
		HideSolutionNode = FALSE
	EndGlobalSection
	GlobalSection(NestedProjects) = preSolution
		{20DC3590-9F15-4291-BCF2-D1C04684CF28} = {02EA681E-C7D8-13C7-8484-4AC65E1B71E8}
		{88D56E3C-A876-457E-9AF4-5454E41E0F29} = {02EA681E-C7D8-13C7-8484-4AC65E1B71E8}
		{B44DAFFB-721D-46F9-9C65-C5E2DB8A501A} = {02EA681E-C7D8-13C7-8484-4AC65E1B71E8}
		{16F0D1ED-3407-44D7-9BE8-1807A1D443AF} = {7547AFCF-9806-4CDB-A475-0ECBF2FD79E2}
		{7BAF7970-45FE-47AA-B5AE-250011803F15} = {7547AFCF-9806-4CDB-A475-0ECBF2FD79E2}
		{E4FA1144-00C8-473A-B5BB-F90B9D66F92E} = {7547AFCF-9806-4CDB-A475-0ECBF2FD79E2}
		{B71F4A9D-26EA-4620-BBE6-2D502BCF40A3} = {C1DBDAD0-1F04-4D08-A893-42445A96904B}
		{212D89BC-DC7B-4378-A13E-1C100C917842} = {C1DBDAD0-1F04-4D08-A893-42445A96904B}
		{87133545-6779-4303-8576-E5C3F97CBD01} = {C1DBDAD0-1F04-4D08-A893-42445A96904B}
		{2AD3B11A-8C3C-410B-A851-F9A135A2FDBD} = {2453362F-D4AE-46CD-B357-300633074387}
		{466F567A-FFD4-4257-9A77-5B348A76636D} = {2453362F-D4AE-46CD-B357-300633074387}
		{8436F9F2-93C4-4105-8922-7E3FE45B7D0B} = {2453362F-D4AE-46CD-B357-300633074387}
		{617F181D-5C3B-48D0-90BC-0FB5D04C165A} = {DBCD09CF-261D-4353-834F-165A82E826C8}
		{D6B643F8-AE71-4EA7-A67F-15A8B29DB52F} = {DBCD09CF-261D-4353-834F-165A82E826C8}
		{F5DD3E9A-2EC2-4C06-AACE-20B2121128C5} = {DBCD09CF-261D-4353-834F-165A82E826C8}
		{8D2B1437-D8DC-4D5B-8448-FF870B418DCF} = {A3CDEAA6-4DFD-4B92-8260-FC16BB3B5B42}
		{13C48C74-B634-4FA7-AE8E-D021803E3D6C} = {A3CDEAA6-4DFD-4B92-8260-FC16BB3B5B42}
		{C31C1713-E62F-41A1-9FB5-A8BAB6B3626B} = {A3CDEAA6-4DFD-4B92-8260-FC16BB3B5B42}
	EndGlobalSection
	GlobalSection(ExtensibilityGlobals) = postSolution
		SolutionGuid = {58E0DC3D-995A-4705-B7EF-5AC3F737BC3E}
	EndGlobalSection
EndGlobal
